{
  "version": 4,
  "terraform_version": "1.0.2",
  "serial": 43,
  "lineage": "12ca27b4-eda2-60cf-e134-5093108de1d2",
  "outputs": {
    "connection_string1": {
      "value": "mongodb+srv://dbadmin:s5FCIcaXWSHvP4in@animals-mongo.goabj.mongodb.net/marsupials-dev/possums",
      "type": "string",
      "sensitive": true
    },
    "connection_stringr2": {
      "value": "mongodb+srv://adadmin:s5FCIcaXWSHvP4in@animals-mongo.goabj.mongodb.net/marsupials-dev/numbats",
      "type": "string",
      "sensitive": true
    },
    "dbstring": {
      "value": "mongodb+srv://animals-mongo.goabj.mongodb.net",
      "type": "string"
    },
    "test": {
      "value": {
        "cluster_count": 1,
        "created": "2021-10-12T14:30:36Z",
        "id": "61659c0b4d19ef7abee28208",
        "name": "Demo-project",
        "org_id": "6165979e492a33660d3f1247",
        "project_owner_id": null,
        "teams": []
      },
      "type": [
        "object",
        {
          "cluster_count": "number",
          "created": "string",
          "id": "string",
          "name": "string",
          "org_id": "string",
          "project_owner_id": "string",
          "teams": [
            "set",
            [
              "object",
              {
                "role_names": [
                  "set",
                  "string"
                ],
                "team_id": "string"
              }
            ]
          ]
        }
      ]
    }
  },
  "resources": [
    {
      "mode": "managed",
      "type": "mongodbatlas_cluster",
      "name": "animals_mongo",
      "provider": "provider[\"registry.terraform.io/mongodb/mongodbatlas\"]",
      "instances": [
        {
          "schema_version": 1,
          "attributes": {
            "advanced_configuration": [
              {
                "default_read_concern": "",
                "default_write_concern": "",
                "fail_index_key_too_long": false,
                "javascript_enabled": true,
                "minimum_enabled_tls_protocol": "TLS1_2",
                "no_table_scan": false,
                "oplog_size_mb": 0,
                "sample_refresh_interval_bi_connector": 0,
                "sample_size_bi_connector": 0
              }
            ],
            "auto_scaling_compute_enabled": false,
            "auto_scaling_compute_scale_down_enabled": false,
            "auto_scaling_disk_gb_enabled": false,
            "backing_provider_name": "AWS",
            "backup_enabled": false,
            "bi_connector": null,
            "bi_connector_config": [
              {
                "enabled": false,
                "read_preference": "secondary"
              }
            ],
            "cloud_backup": false,
            "cluster_id": "61665035200c1271b9c35b46",
            "cluster_type": "REPLICASET",
            "connection_strings": [
              {
                "aws_private_link": {},
                "aws_private_link_srv": {},
                "private": "",
                "private_endpoint": [],
                "private_srv": "",
                "standard": "mongodb://animals-mongo-shard-00-00.goabj.mongodb.net:27017,animals-mongo-shard-00-01.goabj.mongodb.net:27017,animals-mongo-shard-00-02.goabj.mongodb.net:27017/?ssl=true\u0026authSource=admin\u0026replicaSet=atlas-au4rqo-shard-0",
                "standard_srv": "mongodb+srv://animals-mongo.goabj.mongodb.net"
              }
            ],
            "container_id": null,
            "disk_size_gb": 0.5,
            "encryption_at_rest_provider": "NONE",
            "id": "Y2x1c3Rlcl9pZA==:NjE2NjUwMzUyMDBjMTI3MWI5YzM1YjQ2-Y2x1c3Rlcl9uYW1l:YW5pbWFscy1tb25nbw==-cHJvamVjdF9pZA==:NjE2NTljMGI0ZDE5ZWY3YWJlZTI4MjA4-cHJvdmlkZXJfbmFtZQ==:VEVOQU5U",
            "labels": [],
            "mongo_db_major_version": "4.4",
            "mongo_db_version": "4.4.9",
            "mongo_uri": "mongodb://animals-mongo-shard-00-00.goabj.mongodb.net:27017,animals-mongo-shard-00-01.goabj.mongodb.net:27017,animals-mongo-shard-00-02.goabj.mongodb.net:27017",
            "mongo_uri_updated": "2021-10-13T03:20:55Z",
            "mongo_uri_with_options": "mongodb://animals-mongo-shard-00-00.goabj.mongodb.net:27017,animals-mongo-shard-00-01.goabj.mongodb.net:27017,animals-mongo-shard-00-02.goabj.mongodb.net:27017/?ssl=true\u0026authSource=admin\u0026replicaSet=atlas-au4rqo-shard-0",
            "name": "animals-mongo",
            "num_shards": 1,
            "paused": false,
            "pit_enabled": false,
            "project_id": "61659c0b4d19ef7abee28208",
            "provider_auto_scaling_compute_max_instance_size": "",
            "provider_auto_scaling_compute_min_instance_size": "",
            "provider_backup_enabled": false,
            "provider_disk_iops": null,
            "provider_disk_type_name": "",
            "provider_encrypt_ebs_volume": null,
            "provider_encrypt_ebs_volume_flag": null,
            "provider_instance_size_name": "M0",
            "provider_name": "TENANT",
            "provider_region_name": "US_EAST_1",
            "provider_volume_type": "",
            "replication_factor": 3,
            "replication_specs": [
              {
                "id": "61665035200c1271b9c35b3f",
                "num_shards": 1,
                "regions_config": [
                  {
                    "analytics_nodes": 0,
                    "electable_nodes": 3,
                    "priority": 7,
                    "read_only_nodes": 0,
                    "region_name": "US_EAST_1"
                  }
                ],
                "zone_name": "Zone 1"
              }
            ],
            "snapshot_backup_policy": [],
            "srv_address": "mongodb+srv://animals-mongo.goabj.mongodb.net",
            "state_name": "IDLE"
          },
          "sensitive_attributes": [],
          "private": "eyJzY2hlbWFfdmVyc2lvbiI6IjEifQ==",
          "dependencies": [
            "mongodbatlas_project.test"
          ]
        }
      ]
    },
    {
      "mode": "managed",
      "type": "mongodbatlas_database_user",
      "name": "demo-mongo",
      "provider": "provider[\"registry.terraform.io/mongodb/mongodbatlas\"]",
      "instances": [
        {
          "index_key": "app1",
          "schema_version": 0,
          "attributes": {
            "auth_database_name": "admin",
            "aws_iam_type": "NONE",
            "database_name": null,
            "id": "YXV0aF9kYXRhYmFzZV9uYW1l:YWRtaW4=-cHJvamVjdF9pZA==:NjE2NTljMGI0ZDE5ZWY3YWJlZTI4MjA4-dXNlcm5hbWU=:ZGJhZG1pbg==",
            "labels": [],
            "ldap_auth_type": "NONE",
            "password": "s5FCIcaXWSHvP4in",
            "project_id": "61659c0b4d19ef7abee28208",
            "roles": [
              {
                "collection_name": "possums",
                "database_name": "marsupials-dev",
                "role_name": "read"
              }
            ],
            "scopes": [],
            "username": "dbadmin",
            "x509_type": "NONE"
          },
          "sensitive_attributes": [
            [
              {
                "type": "get_attr",
                "value": "password"
              }
            ]
          ],
          "private": "bnVsbA==",
          "dependencies": [
            "mongodbatlas_project.test",
            "random_password.db1"
          ]
        },
        {
          "index_key": "app2",
          "schema_version": 0,
          "attributes": {
            "auth_database_name": "admin",
            "aws_iam_type": "NONE",
            "database_name": null,
            "id": "YXV0aF9kYXRhYmFzZV9uYW1l:YWRtaW4=-cHJvamVjdF9pZA==:NjE2NTljMGI0ZDE5ZWY3YWJlZTI4MjA4-dXNlcm5hbWU=:YWRhZG1pbg==",
            "labels": [],
            "ldap_auth_type": "NONE",
            "password": "s5FCIcaXWSHvP4in",
            "project_id": "61659c0b4d19ef7abee28208",
            "roles": [
              {
                "collection_name": "numbats",
                "database_name": "marsupials-dev",
                "role_name": "read"
              }
            ],
            "scopes": [],
            "username": "adadmin",
            "x509_type": "NONE"
          },
          "sensitive_attributes": [
            [
              {
                "type": "get_attr",
                "value": "password"
              }
            ]
          ],
          "private": "bnVsbA==",
          "dependencies": [
            "mongodbatlas_project.test",
            "random_password.db1"
          ]
        }
      ]
    },
    {
      "mode": "managed",
      "type": "mongodbatlas_project",
      "name": "test",
      "provider": "provider[\"registry.terraform.io/mongodb/mongodbatlas\"]",
      "instances": [
        {
          "schema_version": 0,
          "attributes": {
            "cluster_count": 1,
            "created": "2021-10-12T14:30:36Z",
            "id": "61659c0b4d19ef7abee28208",
            "name": "Demo-project",
            "org_id": "6165979e492a33660d3f1247",
            "project_owner_id": null,
            "teams": []
          },
          "sensitive_attributes": [],
          "private": "bnVsbA=="
        }
      ]
    },
    {
      "mode": "managed",
      "type": "random_password",
      "name": "db1",
      "provider": "provider[\"registry.terraform.io/hashicorp/random\"]",
      "instances": [
        {
          "schema_version": 0,
          "attributes": {
            "id": "none",
            "keepers": null,
            "length": 16,
            "lower": true,
            "min_lower": 0,
            "min_numeric": 0,
            "min_special": 0,
            "min_upper": 0,
            "number": true,
            "override_special": "_%@",
            "result": "s5FCIcaXWSHvP4in",
            "special": true,
            "upper": true
          },
          "sensitive_attributes": [],
          "private": "bnVsbA=="
        }
      ]
    },
    {
      "mode": "managed",
      "type": "random_password",
      "name": "db2",
      "provider": "provider[\"registry.terraform.io/hashicorp/random\"]",
      "instances": [
        {
          "schema_version": 0,
          "attributes": {
            "id": "none",
            "keepers": null,
            "length": 16,
            "lower": true,
            "min_lower": 0,
            "min_numeric": 0,
            "min_special": 0,
            "min_upper": 0,
            "number": true,
            "override_special": "_%@",
            "result": "V_WpbMG98yMnplfB",
            "special": true,
            "upper": true
          },
          "sensitive_attributes": [],
          "private": "bnVsbA=="
        }
      ]
    }
  ]
}
